
Microsoft Visual Studio Solution File, Format Version 12.00
# Visual Studio Version 16
VisualStudioVersion = 16.0.31205.134
MinimumVisualStudioVersion = 10.0.40219.1
Project("{2150E333-8FDC-42A3-9474-1A3956D46DE8}") = "ProjectConsole1", "ProjectConsole1", "{31AB88C1-4836-4AFB-B9D3-90008B0C0C74}"
EndProject
Project("{9A19103F-16F7-4668-BE54-9A1E7A4F7556}") = "ProjectConsoleValores", "ProjectConsoleValores\ProjectConsoleValores.csproj", "{AAE94506-63CF-48B5-8F4F-C09BF41F0681}"
EndProject
Project("{2150E333-8FDC-42A3-9474-1A3956D46DE8}") = "ProjectConsole2", "ProjectConsole2", "{94F0F1C6-777D-470A-825A-E99EA2465C81}"
EndProject
Project("{9A19103F-16F7-4668-BE54-9A1E7A4F7556}") = "ProjectConsoleSalario", "ProjectConsoleSalario\ProjectConsoleSalario.csproj", "{7FD5C532-5226-47EC-8A25-BAE34A95E087}"
EndProject
Project("{2150E333-8FDC-42A3-9474-1A3956D46DE8}") = "ProjectConsole3", "ProjectConsole3", "{70697183-F435-454D-BC58-BE6929158987}"
EndProject
Project("{9A19103F-16F7-4668-BE54-9A1E7A4F7556}") = "ProjectConsoleMultiplos", "ProjectConsoleMultiplos\ProjectConsoleMultiplos.csproj", "{778F6260-85C2-468B-A2EB-9376C2A6B10A}"
EndProject
Project("{2150E333-8FDC-42A3-9474-1A3956D46DE8}") = "ProjectConsole4", "ProjectConsole4", "{EF60B93B-D83F-44B7-A6A2-B043ACD95865}"
EndProject
Project("{9A19103F-16F7-4668-BE54-9A1E7A4F7556}") = "ProjectConsoleAluno", "ProjectConsoleAluno\ProjectConsoleAluno.csproj", "{57011044-D33D-417A-9BD0-F668BBC9461C}"
EndProject
Project("{2150E333-8FDC-42A3-9474-1A3956D46DE8}") = "ProjectConsole5", "ProjectConsole5", "{DD28A631-6F13-4634-9648-B485F0E37748}"
EndProject
Project("{9A19103F-16F7-4668-BE54-9A1E7A4F7556}") = "ProjectConsoleBhaskara", "ProjectConsoleBhaskara\ProjectConsoleBhaskara.csproj", "{50B9B0EA-CDBE-46FC-94F7-FE61C0A1D420}"
EndProject
Project("{2150E333-8FDC-42A3-9474-1A3956D46DE8}") = "ProjectConsole6", "ProjectConsole6", "{9CA81FE7-3DF1-4058-B145-943D4F887553}"
EndProject
Project("{9A19103F-16F7-4668-BE54-9A1E7A4F7556}") = "ProjectConsoleREFOUT", "ProjectConsoleREFOUT\ProjectConsoleREFOUT.csproj", "{FDAA095C-3C68-4EA6-953B-B6E27C28A95C}"
EndProject
Project("{2150E333-8FDC-42A3-9474-1A3956D46DE8}") = "ProjectConsole7", "ProjectConsole7", "{480605B4-A70D-4E41-9C99-20470BFA6394}"
EndProject
Project("{9A19103F-16F7-4668-BE54-9A1E7A4F7556}") = "ProjectConsoleNumerosPares", "ProjectConsoleNumerosPares\ProjectConsoleNumerosPares.csproj", "{EAFCA0EB-46C5-482E-A87C-2CD0253488B6}"
EndProject
Project("{2150E333-8FDC-42A3-9474-1A3956D46DE8}") = "ProjectConsole8", "ProjectConsole8", "{D7D7BA88-5CF7-4BD9-8864-596343084589}"
EndProject
Project("{FAE04EC0-301F-11D3-BF4B-00C04F79EFBC}") = "ProjectConsoleOrdem", "ProjectConsoleOrdem\ProjectConsoleOrdem.csproj", "{22627118-69DF-4E95-9801-702897C4A54E}"
EndProject
Project("{2150E333-8FDC-42A3-9474-1A3956D46DE8}") = "ProjectConsole9", "ProjectConsole9", "{AE069FCE-7D28-44F7-9DC5-9DA6C35C1553}"
EndProject
Project("{FAE04EC0-301F-11D3-BF4B-00C04F79EFBC}") = "ProjectConsoleLinq", "ProjectConsoleLinq\ProjectConsoleLinq.csproj", "{1844A551-0636-4D6E-951A-D0148695E813}"
EndProject
Global
	GlobalSection(SolutionConfigurationPlatforms) = preSolution
		Debug|Any CPU = Debug|Any CPU
		Release|Any CPU = Release|Any CPU
	EndGlobalSection
	GlobalSection(ProjectConfigurationPlatforms) = postSolution
		{AAE94506-63CF-48B5-8F4F-C09BF41F0681}.Debug|Any CPU.ActiveCfg = Debug|Any CPU
		{AAE94506-63CF-48B5-8F4F-C09BF41F0681}.Debug|Any CPU.Build.0 = Debug|Any CPU
		{AAE94506-63CF-48B5-8F4F-C09BF41F0681}.Release|Any CPU.ActiveCfg = Release|Any CPU
		{AAE94506-63CF-48B5-8F4F-C09BF41F0681}.Release|Any CPU.Build.0 = Release|Any CPU
		{7FD5C532-5226-47EC-8A25-BAE34A95E087}.Debug|Any CPU.ActiveCfg = Debug|Any CPU
		{7FD5C532-5226-47EC-8A25-BAE34A95E087}.Debug|Any CPU.Build.0 = Debug|Any CPU
		{7FD5C532-5226-47EC-8A25-BAE34A95E087}.Release|Any CPU.ActiveCfg = Release|Any CPU
		{7FD5C532-5226-47EC-8A25-BAE34A95E087}.Release|Any CPU.Build.0 = Release|Any CPU
		{778F6260-85C2-468B-A2EB-9376C2A6B10A}.Debug|Any CPU.ActiveCfg = Debug|Any CPU
		{778F6260-85C2-468B-A2EB-9376C2A6B10A}.Debug|Any CPU.Build.0 = Debug|Any CPU
		{778F6260-85C2-468B-A2EB-9376C2A6B10A}.Release|Any CPU.ActiveCfg = Release|Any CPU
		{778F6260-85C2-468B-A2EB-9376C2A6B10A}.Release|Any CPU.Build.0 = Release|Any CPU
		{57011044-D33D-417A-9BD0-F668BBC9461C}.Debug|Any CPU.ActiveCfg = Debug|Any CPU
		{57011044-D33D-417A-9BD0-F668BBC9461C}.Debug|Any CPU.Build.0 = Debug|Any CPU
		{57011044-D33D-417A-9BD0-F668BBC9461C}.Release|Any CPU.ActiveCfg = Release|Any CPU
		{57011044-D33D-417A-9BD0-F668BBC9461C}.Release|Any CPU.Build.0 = Release|Any CPU
		{50B9B0EA-CDBE-46FC-94F7-FE61C0A1D420}.Debug|Any CPU.ActiveCfg = Debug|Any CPU
		{50B9B0EA-CDBE-46FC-94F7-FE61C0A1D420}.Debug|Any CPU.Build.0 = Debug|Any CPU
		{50B9B0EA-CDBE-46FC-94F7-FE61C0A1D420}.Release|Any CPU.ActiveCfg = Release|Any CPU
		{50B9B0EA-CDBE-46FC-94F7-FE61C0A1D420}.Release|Any CPU.Build.0 = Release|Any CPU
		{FDAA095C-3C68-4EA6-953B-B6E27C28A95C}.Debug|Any CPU.ActiveCfg = Debug|Any CPU
		{FDAA095C-3C68-4EA6-953B-B6E27C28A95C}.Debug|Any CPU.Build.0 = Debug|Any CPU
		{FDAA095C-3C68-4EA6-953B-B6E27C28A95C}.Release|Any CPU.ActiveCfg = Release|Any CPU
		{FDAA095C-3C68-4EA6-953B-B6E27C28A95C}.Release|Any CPU.Build.0 = Release|Any CPU
		{EAFCA0EB-46C5-482E-A87C-2CD0253488B6}.Debug|Any CPU.ActiveCfg = Debug|Any CPU
		{EAFCA0EB-46C5-482E-A87C-2CD0253488B6}.Debug|Any CPU.Build.0 = Debug|Any CPU
		{EAFCA0EB-46C5-482E-A87C-2CD0253488B6}.Release|Any CPU.ActiveCfg = Release|Any CPU
		{EAFCA0EB-46C5-482E-A87C-2CD0253488B6}.Release|Any CPU.Build.0 = Release|Any CPU
		{22627118-69DF-4E95-9801-702897C4A54E}.Debug|Any CPU.ActiveCfg = Debug|Any CPU
		{22627118-69DF-4E95-9801-702897C4A54E}.Debug|Any CPU.Build.0 = Debug|Any CPU
		{22627118-69DF-4E95-9801-702897C4A54E}.Release|Any CPU.ActiveCfg = Release|Any CPU
		{22627118-69DF-4E95-9801-702897C4A54E}.Release|Any CPU.Build.0 = Release|Any CPU
		{1844A551-0636-4D6E-951A-D0148695E813}.Debug|Any CPU.ActiveCfg = Debug|Any CPU
		{1844A551-0636-4D6E-951A-D0148695E813}.Debug|Any CPU.Build.0 = Debug|Any CPU
		{1844A551-0636-4D6E-951A-D0148695E813}.Release|Any CPU.ActiveCfg = Release|Any CPU
		{1844A551-0636-4D6E-951A-D0148695E813}.Release|Any CPU.Build.0 = Release|Any CPU
	EndGlobalSection
	GlobalSection(SolutionProperties) = preSolution
		HideSolutionNode = FALSE
	EndGlobalSection
	GlobalSection(NestedProjects) = preSolution
		{AAE94506-63CF-48B5-8F4F-C09BF41F0681} = {31AB88C1-4836-4AFB-B9D3-90008B0C0C74}
		{7FD5C532-5226-47EC-8A25-BAE34A95E087} = {94F0F1C6-777D-470A-825A-E99EA2465C81}
		{778F6260-85C2-468B-A2EB-9376C2A6B10A} = {70697183-F435-454D-BC58-BE6929158987}
		{57011044-D33D-417A-9BD0-F668BBC9461C} = {EF60B93B-D83F-44B7-A6A2-B043ACD95865}
		{50B9B0EA-CDBE-46FC-94F7-FE61C0A1D420} = {DD28A631-6F13-4634-9648-B485F0E37748}
		{FDAA095C-3C68-4EA6-953B-B6E27C28A95C} = {9CA81FE7-3DF1-4058-B145-943D4F887553}
		{EAFCA0EB-46C5-482E-A87C-2CD0253488B6} = {480605B4-A70D-4E41-9C99-20470BFA6394}
		{22627118-69DF-4E95-9801-702897C4A54E} = {D7D7BA88-5CF7-4BD9-8864-596343084589}
		{1844A551-0636-4D6E-951A-D0148695E813} = {AE069FCE-7D28-44F7-9DC5-9DA6C35C1553}
	EndGlobalSection
	GlobalSection(ExtensibilityGlobals) = postSolution
		SolutionGuid = {B97F50FA-3740-4510-9872-2881380D5E5B}
	EndGlobalSection
EndGlobal
